<?xml version="1.0" encoding="utf-8"?>
<Project ToolsVersion="4.0" xmlns="http://schemas.microsoft.com/developer/msbuild/2003">
  <ItemGroup>
    <Filter Include="소스 파일">
      <UniqueIdentifier>{4FC737F1-C7A5-4376-A066-2A32D752A2FF}</UniqueIdentifier>
      <Extensions>cpp;c;cc;cxx;c++;cppm;ixx;def;odl;idl;hpj;bat;asm;asmx</Extensions>
    </Filter>
    <Filter Include="헤더 파일">
      <UniqueIdentifier>{93995380-89BD-4b04-88EB-625FBE52EBFB}</UniqueIdentifier>
      <Extensions>h;hh;hpp;hxx;h++;hm;inl;inc;ipp;xsd</Extensions>
    </Filter>
    <Filter Include="리소스 파일">
      <UniqueIdentifier>{67DA6AB6-F800-4c08-8B7A-83BB121AAD01}</UniqueIdentifier>
      <Extensions>rc;ico;cur;bmp;dlg;rc2;rct;bin;rgs;gif;jpg;jpeg;jpe;resx;tiff;tif;png;wav;mfcribbon-ms</Extensions>
    </Filter>
  </ItemGroup>
  <ItemGroup>
    <ClCompile Include="main.cpp">
      <Filter>소스 파일</Filter>
    </ClCompile>
    <ClCompile Include="game.cpp">
      <Filter>소스 파일</Filter>
    </ClCompile>
    <ClCompile Include="soundmanger.cpp">
      <Filter>소스 파일</Filter>
    </ClCompile>
  </ItemGroup>
  <ItemGroup>
    <ClInclude Include="resource.h">
      <Filter>헤더 파일</Filter>
    </ClInclude>
    <ClInclude Include="game.h">
      <Filter>헤더 파일</Filter>
    </ClInclude>
    <ClInclude Include="soundmanger.h">
      <Filter>헤더 파일</Filter>
    </ClInclude>
  </ItemGroup>
  <ItemGroup>
    <ResourceCompile Include="Resource.rc">
      <Filter>리소스 파일</Filter>
    </ResourceCompile>
  </ItemGroup>
  <ItemGroup>
    <Image Include="..\..\..\Downloads\Game-Boy-Advance-Kirby-_-the-Amazing-Mirror-Playable-Characters-Beam-Kirby-_1_.png">
      <Filter>리소스 파일</Filter>
    </Image>
    <Image Include="..\..\..\Desktop\커비 가만히.png">
      <Filter>리소스 파일</Filter>
    </Image>
    <Image Include="..\..\..\Desktop\커비 걸어.png">
      <Filter>리소스 파일</Filter>
    </Image>
    <Image Include="..\..\..\Desktop\커비 더 걸어.png">
      <Filter>리소스 파일</Filter>
    </Image>
    <Image Include="..\..\..\Desktop\커비 멈춰.png">
      <Filter>리소스 파일</Filter>
    </Image>
    <Image Include="..\..\..\Desktop\커비 풍선.png">
      <Filter>리소스 파일</Filter>
    </Image>
    <Image Include="..\..\..\Desktop\커비 풍선2.png">
      <Filter>리소스 파일</Filter>
    </Image>
    <Image Include="..\..\..\Desktop\커비 흡수.png">
      <Filter>리소스 파일</Filter>
    </Image>
    <Image Include="..\..\..\Desktop\커비 더 흡수.png">
      <Filter>리소스 파일</Filter>
    </Image>
    <Image Include="..\..\..\Desktop\커비 더 크게 흡수.png">
      <Filter>리소스 파일</Filter>
    </Image>
    <Image Include="..\..\..\Desktop\커비 공격모션1.png">
      <Filter>리소스 파일</Filter>
    </Image>
    <Image Include="..\..\..\Desktop\커비 공격모션2.png">
      <Filter>리소스 파일</Filter>
    </Image>
    <Image Include="..\..\..\Desktop\커비 공격모션3.png">
      <Filter>리소스 파일</Filter>
    </Image>
    <Image Include="..\..\..\Desktop\커비 공격모션4.png">
      <Filter>리소스 파일</Filter>
    </Image>
    <Image Include="..\..\..\Desktop\커비 공격모션5.png">
      <Filter>리소스 파일</Filter>
    </Image>
    <Image Include="..\..\..\Desktop\심사용.png">
      <Filter>리소스 파일</Filter>
    </Image>
    <Image Include="..\..\..\Desktop\레이저1.png">
      <Filter>리소스 파일</Filter>
    </Image>
    <Image Include="..\..\..\Desktop\레이저2.png">
      <Filter>리소스 파일</Filter>
    </Image>
    <Image Include="..\..\..\Desktop\레이저3.png">
      <Filter>리소스 파일</Filter>
    </Image>
    <Image Include="..\..\..\Desktop\레이저4.png">
      <Filter>리소스 파일</Filter>
    </Image>
    <Image Include="..\..\..\Desktop\레이저5.png">
      <Filter>리소스 파일</Filter>
    </Image>
    <Image Include="..\..\..\Desktop\커비 뒤를 보면서 가만히.png">
      <Filter>리소스 파일</Filter>
    </Image>
    <Image Include="..\..\..\Desktop\커비 뒤로 걸어.png">
      <Filter>리소스 파일</Filter>
    </Image>
    <Image Include="..\..\..\Desktop\커비 뒤로 더 걸어.png">
      <Filter>리소스 파일</Filter>
    </Image>
    <Image Include="..\..\..\Desktop\망치 펭귄.png">
      <Filter>리소스 파일</Filter>
    </Image>
    <Image Include="..\..\..\Desktop\망치 펭권2.png">
      <Filter>리소스 파일</Filter>
    </Image>
    <Image Include="..\..\..\Desktop\망치 펭귄3.png">
      <Filter>리소스 파일</Filter>
    </Image>
    <Image Include="..\..\..\Desktop\몹1.png">
      <Filter>리소스 파일</Filter>
    </Image>
    <Image Include="..\..\..\Desktop\몹2.png">
      <Filter>리소스 파일</Filter>
    </Image>
    <Image Include="..\..\..\Desktop\몹3.png">
      <Filter>리소스 파일</Filter>
    </Image>
    <Image Include="..\..\..\Desktop\몹4.png">
      <Filter>리소스 파일</Filter>
    </Image>
    <Image Include="..\..\..\Desktop\풀 숲 배경.png">
      <Filter>리소스 파일</Filter>
    </Image>
    <Image Include="..\..\..\Desktop\돌 가만히.png">
      <Filter>리소스 파일</Filter>
    </Image>
    <Image Include="..\..\..\Desktop\돌 걸어.png">
      <Filter>리소스 파일</Filter>
    </Image>
    <Image Include="..\..\..\Desktop\돌 더 걸어.png">
      <Filter>리소스 파일</Filter>
    </Image>
    <Image Include="..\..\..\Desktop\돌 더 많이 걸어.png">
      <Filter>리소스 파일</Filter>
    </Image>
    <Image Include="..\..\..\Desktop\돌 반대로 가만히.png">
      <Filter>리소스 파일</Filter>
    </Image>
    <Image Include="..\..\..\Desktop\돌 반대로 걸어.png">
      <Filter>리소스 파일</Filter>
    </Image>
    <Image Include="..\..\..\Desktop\돌 반대로 더 걸어.png">
      <Filter>리소스 파일</Filter>
    </Image>
    <Image Include="..\..\..\Desktop\돌 반대로 더 많이 걸어.png">
      <Filter>리소스 파일</Filter>
    </Image>
    <Image Include="..\..\..\Desktop\기본 맵 걸어.png">
      <Filter>리소스 파일</Filter>
    </Image>
    <Image Include="..\..\..\Desktop\기본 맵 더 빨리 걸어.png">
      <Filter>리소스 파일</Filter>
    </Image>
    <Image Include="..\..\..\Desktop\기본 맵.png">
      <Filter>리소스 파일</Filter>
    </Image>
    <Image Include="..\..\..\Desktop\기본 몹 더더 많이 걸어어.png">
      <Filter>리소스 파일</Filter>
    </Image>
    <Image Include="..\..\..\Desktop\기본 몹 반대로 더더 걸어.png">
      <Filter>리소스 파일</Filter>
    </Image>
    <Image Include="..\..\..\Desktop\기본 맵 반대로 더 걸어.png">
      <Filter>리소스 파일</Filter>
    </Image>
    <Image Include="..\..\..\Desktop\기본 몹 반대로 걸어.png">
      <Filter>리소스 파일</Filter>
    </Image>
    <Image Include="..\..\..\Desktop\기본 맵 더빨리빠릴 걸어.png">
      <Filter>리소스 파일</Filter>
    </Image>
    <Image Include="..\..\..\Desktop\달리기 천천히.png">
      <Filter>리소스 파일</Filter>
    </Image>
    <Image Include="..\..\..\Desktop\달리기 기본.png">
      <Filter>리소스 파일</Filter>
    </Image>
    <Image Include="..\..\..\Desktop\달리기 빠르게.png">
      <Filter>리소스 파일</Filter>
    </Image>
    <Image Include="..\..\..\Desktop\커비 기본.png">
      <Filter>리소스 파일</Filter>
    </Image>
    <Image Include="..\..\..\Desktop\커비 걷기 1단계.png">
      <Filter>리소스 파일</Filter>
    </Image>
    <Image Include="..\..\..\Desktop\커비 걷기 2단계.png">
      <Filter>리소스 파일</Filter>
    </Image>
    <Image Include="..\..\..\Desktop\커비 걷기 3단계.png">
      <Filter>리소스 파일</Filter>
    </Image>
    <Image Include="..\..\..\Desktop\커비 걷기 4단계.png">
      <Filter>리소스 파일</Filter>
    </Image>
    <Image Include="..\..\..\Desktop\커비 풍선 1단계.png">
      <Filter>리소스 파일</Filter>
    </Image>
    <Image Include="..\..\..\Desktop\커비 풍선 2단계.png">
      <Filter>리소스 파일</Filter>
    </Image>
    <Image Include="..\..\..\Desktop\커비 풍선 3단계.png">
      <Filter>리소스 파일</Filter>
    </Image>
    <Image Include="..\..\..\Desktop\커비 빨아드리기 1단계.png">
      <Filter>리소스 파일</Filter>
    </Image>
    <Image Include="..\..\..\Desktop\커비 빨아드리기 2단계.png">
      <Filter>리소스 파일</Filter>
    </Image>
    <Image Include="..\..\..\Desktop\커비 빨아드리기 3단계.png">
      <Filter>리소스 파일</Filter>
    </Image>
    <Image Include="..\..\..\Desktop\커비 앉기.png">
      <Filter>리소스 파일</Filter>
    </Image>
    <Image Include="..\..\..\Desktop\커비 풍선 4단계 후 숨 쉬기.png">
      <Filter>리소스 파일</Filter>
    </Image>
    <Image Include="..\..\..\Desktop\빨아들이는 효과.png">
      <Filter>리소스 파일</Filter>
    </Image>
    <Image Include="..\..\..\Desktop\빨아들이는 효과 2.png">
      <Filter>리소스 파일</Filter>
    </Image>
    <Image Include="..\..\..\Desktop\기본 맵 공격1.png">
      <Filter>리소스 파일</Filter>
    </Image>
    <Image Include="..\..\..\Desktop\기몬 맵 공격2.png">
      <Filter>리소스 파일</Filter>
    </Image>
    <Image Include="..\..\..\Desktop\풀 올라가기 배경.png">
      <Filter>리소스 파일</Filter>
    </Image>
    <Image Include="..\..\..\Desktop\커진 커비.png">
      <Filter>리소스 파일</Filter>
    </Image>
    <Image Include="..\..\..\Desktop\커진 커비 걸어1.png">
      <Filter>리소스 파일</Filter>
    </Image>
    <Image Include="..\..\..\Desktop\커진 커비 걸어2.png">
      <Filter>리소스 파일</Filter>
    </Image>
    <Image Include="..\..\..\Desktop\커진 커비 걸어3.png">
      <Filter>리소스 파일</Filter>
    </Image>
    <Image Include="..\..\..\Desktop\커진 커비 걸어4.png">
      <Filter>리소스 파일</Filter>
    </Image>
    <Image Include="..\..\..\Desktop\커진 커비 걸어5.png">
      <Filter>리소스 파일</Filter>
    </Image>
    <Image Include="..\..\..\Desktop\커진 커비 뱉어1.png">
      <Filter>리소스 파일</Filter>
    </Image>
    <Image Include="..\..\..\Desktop\뱉은 몬스터별.png">
      <Filter>리소스 파일</Filter>
    </Image>
    <Image Include="..\..\..\Desktop\몹 넘어진다.png">
      <Filter>리소스 파일</Filter>
    </Image>
    <Image Include="..\..\..\Desktop\소화하는 커비.png">
      <Filter>리소스 파일</Filter>
    </Image>
    <Image Include="..\..\..\Desktop\커비 꽈당.png">
      <Filter>리소스 파일</Filter>
    </Image>
    <Image Include="..\..\..\Desktop\커비 체력바.png">
      <Filter>리소스 파일</Filter>
    </Image>
    <Image Include="..\..\..\Desktop\불 커비.png">
      <Filter>리소스 파일</Filter>
    </Image>
    <Image Include="..\..\..\Desktop\불커비 기본자세.png">
      <Filter>리소스 파일</Filter>
    </Image>
    <Image Include="..\..\..\Desktop\불 커비 걸어1.png">
      <Filter>리소스 파일</Filter>
    </Image>
    <Image Include="..\..\..\Desktop\불 커비 걸어2.png">
      <Filter>리소스 파일</Filter>
    </Image>
    <Image Include="..\..\..\Desktop\불 커비 걸어3.png">
      <Filter>리소스 파일</Filter>
    </Image>
    <Image Include="..\..\..\Desktop\불 커비 걸어4.png">
      <Filter>리소스 파일</Filter>
    </Image>
    <Image Include="..\..\..\Desktop\불 커비 공격해.png">
      <Filter>리소스 파일</Filter>
    </Image>
    <Image Include="..\..\..\Desktop\불 커비 공격 효과.png">
      <Filter>리소스 파일</Filter>
    </Image>
    <Image Include="..\..\..\Desktop\불 커비 원거리 불 효과.png">
      <Filter>리소스 파일</Filter>
    </Image>
    <Image Include="..\..\..\Desktop\불 몹.png">
      <Filter>리소스 파일</Filter>
    </Image>
    <Image Include="..\..\..\Desktop\불 몹 공격.png">
      <Filter>리소스 파일</Filter>
    </Image>
    <Image Include="..\..\..\Desktop\불 커비 풍선 전 상태.png">
      <Filter>리소스 파일</Filter>
    </Image>
    <Image Include="..\..\..\Desktop\불 커비 풍선 1.png">
      <Filter>리소스 파일</Filter>
    </Image>
    <Image Include="..\..\..\Desktop\불 커비 풍선2.png">
      <Filter>리소스 파일</Filter>
    </Image>
    <Image Include="..\..\..\Desktop\불 커비 앉아.png">
      <Filter>리소스 파일</Filter>
    </Image>
    <Image Include="..\..\..\Desktop\폭탄 커비 기본.png">
      <Filter>리소스 파일</Filter>
    </Image>
    <Image Include="..\..\..\Desktop\폭탄 커비 걸어1.png">
      <Filter>리소스 파일</Filter>
    </Image>
    <Image Include="..\..\..\Desktop\폭탄 커비 걸어2.png">
      <Filter>리소스 파일</Filter>
    </Image>
    <Image Include="..\..\..\Desktop\폭탄 커비 걸어3.png">
      <Filter>리소스 파일</Filter>
    </Image>
    <Image Include="..\..\..\Desktop\폭탄 커비 걸어4.png">
      <Filter>리소스 파일</Filter>
    </Image>
    <Image Include="..\..\..\Desktop\폭탄 커비 풍선 준비.png">
      <Filter>리소스 파일</Filter>
    </Image>
    <Image Include="..\..\..\Desktop\폭탄 커비 풍선1.png">
      <Filter>리소스 파일</Filter>
    </Image>
    <Image Include="..\..\..\Desktop\폭탄 커비 풍선2.png">
      <Filter>리소스 파일</Filter>
    </Image>
    <Image Include="..\..\..\Desktop\폭탄 공격1.png">
      <Filter>리소스 파일</Filter>
    </Image>
    <Image Include="..\..\..\Desktop\폭탄 공격2.png">
      <Filter>리소스 파일</Filter>
    </Image>
    <Image Include="..\..\..\Desktop\폭탄 공격3.png">
      <Filter>리소스 파일</Filter>
    </Image>
    <Image Include="..\..\..\Desktop\폭탄.png">
      <Filter>리소스 파일</Filter>
    </Image>
    <Image Include="..\..\..\Desktop\폭탄몹 날아다녀.png">
      <Filter>리소스 파일</Filter>
    </Image>
    <Image Include="..\..\..\Desktop\폭탄몹 죽어.png">
      <Filter>리소스 파일</Filter>
    </Image>
    <Image Include="..\..\..\Desktop\폭탄 뻥 자국.png">
      <Filter>리소스 파일</Filter>
    </Image>
    <Image Include="..\..\..\Desktop\폭탄 자국 수정.png">
      <Filter>리소스 파일</Filter>
    </Image>
    <Image Include="..\..\..\Desktop\커비 진화할때 모습.png">
      <Filter>리소스 파일</Filter>
    </Image>
    <Image Include="..\..\..\Desktop\폭탄 커비 공격당함.png">
      <Filter>리소스 파일</Filter>
    </Image>
    <Image Include="..\..\..\Desktop\불커비 다쳐.png">
      <Filter>리소스 파일</Filter>
    </Image>
    <Image Include="..\..\..\Desktop\불 몹 죽어.png">
      <Filter>리소스 파일</Filter>
    </Image>
    <Image Include="..\..\..\Desktop\커비 배경.png">
      <Filter>리소스 파일</Filter>
    </Image>
    <Image Include="..\..\..\Desktop\배경 1.png">
      <Filter>리소스 파일</Filter>
    </Image>
    <Image Include="..\..\..\Desktop\배경 2.png">
      <Filter>리소스 파일</Filter>
    </Image>
    <Image Include="..\..\..\Desktop\배경 3.png">
      <Filter>리소스 파일</Filter>
    </Image>
    <Image Include="..\..\..\Desktop\배경 4.png">
      <Filter>리소스 파일</Filter>
    </Image>
    <Image Include="..\..\..\Desktop\배경5.png">
      <Filter>리소스 파일</Filter>
    </Image>
    <Image Include="..\..\..\Desktop\배경 6.png">
      <Filter>리소스 파일</Filter>
    </Image>
    <Image Include="..\..\..\Desktop\배경 7.png">
      <Filter>리소스 파일</Filter>
    </Image>
    <Image Include="..\..\..\Desktop\배경 8.png">
      <Filter>리소스 파일</Filter>
    </Image>
    <Image Include="..\..\..\Desktop\배경 9.png">
      <Filter>리소스 파일</Filter>
    </Image>
  </ItemGroup>
  <ItemGroup>
    <Media Include="..\..\..\Downloads\녹음-_7_.wav">
      <Filter>리소스 파일</Filter>
    </Media>
  </ItemGroup>
</Project>